<?xml version="1.0" encoding="utf-8"?>
<Project ToolsVersion="4.0" xmlns="http://schemas.microsoft.com/developer/msbuild/2003">
  <ItemGroup>
    <Filter Include="Source Files">
      <UniqueIdentifier>{4FC737F1-C7A5-4376-A066-2A32D752A2FF}</UniqueIdentifier>
      <Extensions>cpp;c;cc;cxx;c++;cppm;ixx;def;odl;idl;hpj;bat;asm;asmx</Extensions>
    </Filter>
    <Filter Include="Header Files">
      <UniqueIdentifier>{93995380-89BD-4b04-88EB-625FBE52EBFB}</UniqueIdentifier>
      <Extensions>h;hh;hpp;hxx;h++;hm;inl;inc;ipp;xsd</Extensions>
    </Filter>
    <Filter Include="Resource Files">
      <UniqueIdentifier>{67DA6AB6-F800-4c08-8B7A-83BB121AAD01}</UniqueIdentifier>
      <Extensions>rc;ico;cur;bmp;dlg;rc2;rct;bin;rgs;gif;jpg;jpeg;jpe;resx;tiff;tif;png;wav;mfcribbon-ms</Extensions>
    </Filter>
    <Filter Include="Header Files\helpers">
      <UniqueIdentifier>{a5c61132-30dc-4384-85ba-ffde276a9861}</UniqueIdentifier>
    </Filter>
    <Filter Include="Source Files\Sprites">
      <UniqueIdentifier>{b5c245a0-8cbc-4b54-b7c5-786a840da1ef}</UniqueIdentifier>
    </Filter>
    <Filter Include="Source Files\Rendering">
      <UniqueIdentifier>{03cc815a-12c3-4ab0-815b-e6f5628eb024}</UniqueIdentifier>
    </Filter>
    <Filter Include="Source Files\WorldHandling">
      <UniqueIdentifier>{86f747be-f6fd-43a4-8540-2c70b0ddb591}</UniqueIdentifier>
    </Filter>
    <Filter Include="Header Files\Sprites">
      <UniqueIdentifier>{4598d04f-17d5-429e-9f81-67327997bbf3}</UniqueIdentifier>
    </Filter>
    <Filter Include="Header Files\Rendering">
      <UniqueIdentifier>{53ed57c1-a52a-4ff9-9aeb-8e395065a382}</UniqueIdentifier>
    </Filter>
    <Filter Include="Header Files\WorldHandling">
      <UniqueIdentifier>{3176b67c-18ef-4c55-9dba-ebf863b4e1de}</UniqueIdentifier>
    </Filter>
    <Filter Include="Header Files\Sprites\Enemies">
      <UniqueIdentifier>{30c94e0c-0ea1-43a4-b2b0-da457afcc2fb}</UniqueIdentifier>
    </Filter>
    <Filter Include="Source Files\Sprites\Enemies">
      <UniqueIdentifier>{11c45398-484b-4742-88fb-977675076e57}</UniqueIdentifier>
    </Filter>
    <Filter Include="Source Files\Sprites\UI">
      <UniqueIdentifier>{b108c6dc-b9c3-4e2c-aa28-2dec6d3ec09a}</UniqueIdentifier>
    </Filter>
    <Filter Include="Header Files\Sprites\UI">
      <UniqueIdentifier>{0f191d6a-957c-48b4-a5e8-2797f27add29}</UniqueIdentifier>
    </Filter>
  </ItemGroup>
  <ItemGroup>
    <ClInclude Include="GamesEngineeringBase.h">
      <Filter>Header Files</Filter>
    </ClInclude>
    <ClInclude Include="InputHandler.h">
      <Filter>Header Files</Filter>
    </ClInclude>
    <ClInclude Include="BaseArray.h">
      <Filter>Header Files\helpers</Filter>
    </ClInclude>
    <ClInclude Include="Array.h">
      <Filter>Header Files\helpers</Filter>
    </ClInclude>
    <ClInclude Include="DynamicArray.h">
      <Filter>Header Files\helpers</Filter>
    </ClInclude>
    <ClInclude Include="FixedArray.h">
      <Filter>Header Files\helpers</Filter>
    </ClInclude>
    <ClInclude Include="Camera.h">
      <Filter>Header Files\Rendering</Filter>
    </ClInclude>
    <ClInclude Include="CameraTarget.h">
      <Filter>Header Files\Rendering</Filter>
    </ClInclude>
    <ClInclude Include="Canvas.h">
      <Filter>Header Files\Rendering</Filter>
    </ClInclude>
    <ClInclude Include="FollowCamera.h">
      <Filter>Header Files\Rendering</Filter>
    </ClInclude>
    <ClInclude Include="FreeCamera.h">
      <Filter>Header Files\Rendering</Filter>
    </ClInclude>
    <ClInclude Include="Sprite.h">
      <Filter>Header Files\Sprites</Filter>
    </ClInclude>
    <ClInclude Include="Projectile.h">
      <Filter>Header Files\Sprites</Filter>
    </ClInclude>
    <ClInclude Include="Player.h">
      <Filter>Header Files\Sprites</Filter>
    </ClInclude>
    <ClInclude Include="ImageHolder.h">
      <Filter>Header Files\Sprites</Filter>
    </ClInclude>
    <ClInclude Include="CollisionSprite.h">
      <Filter>Header Files\Sprites</Filter>
    </ClInclude>
    <ClInclude Include="Character.h">
      <Filter>Header Files\Sprites</Filter>
    </ClInclude>
    <ClInclude Include="EnemyImageHolder.h">
      <Filter>Header Files\Sprites</Filter>
    </ClInclude>
    <ClInclude Include="Tile.h">
      <Filter>Header Files\WorldHandling</Filter>
    </ClInclude>
    <ClInclude Include="World.h">
      <Filter>Header Files\WorldHandling</Filter>
    </ClInclude>
    <ClInclude Include="TimedSurvivalManager.h">
      <Filter>Header Files</Filter>
    </ClInclude>
    <ClInclude Include="Artillery.h">
      <Filter>Header Files\Sprites\Enemies</Filter>
    </ClInclude>
    <ClInclude Include="BasicEnemy.h">
      <Filter>Header Files\Sprites\Enemies</Filter>
    </ClInclude>
    <ClInclude Include="Runner.h">
      <Filter>Header Files\Sprites\Enemies</Filter>
    </ClInclude>
    <ClInclude Include="EnemyFactory.h">
      <Filter>Header Files\WorldHandling</Filter>
    </ClInclude>
    <ClInclude Include="Powerup.h">
      <Filter>Header Files\Sprites</Filter>
    </ClInclude>
    <ClInclude Include="FixedWorld.h">
      <Filter>Header Files\WorldHandling</Filter>
    </ClInclude>
    <ClInclude Include="InfiniteWorld.h">
      <Filter>Header Files\WorldHandling</Filter>
    </ClInclude>
    <ClInclude Include="Vector.h">
      <Filter>Header Files\helpers</Filter>
    </ClInclude>
    <ClInclude Include="EnemyProjectile.h">
      <Filter>Header Files\Sprites\Enemies</Filter>
    </ClInclude>
    <ClInclude Include="PlayerProjectile.h">
      <Filter>Header Files\Sprites</Filter>
    </ClInclude>
    <ClInclude Include="RepeatingFixedWorld.h">
      <Filter>Header Files\WorldHandling</Filter>
    </ClInclude>
    <ClInclude Include="font.h">
      <Filter>Header Files\Rendering</Filter>
    </ClInclude>
    <ClInclude Include="MineLayer.h">
      <Filter>Header Files\Sprites\Enemies</Filter>
    </ClInclude>
    <ClInclude Include="EnemyMine.h">
      <Filter>Header Files\Sprites\Enemies</Filter>
    </ClInclude>
    <ClInclude Include="Enemy.h">
      <Filter>Header Files\Sprites\Enemies</Filter>
    </ClInclude>
    <ClInclude Include="Button.h">
      <Filter>Header Files\Sprites\UI</Filter>
    </ClInclude>
    <ClInclude Include="UIElement.h">
      <Filter>Header Files\Sprites\UI</Filter>
    </ClInclude>
    <ClInclude Include="Colour.h">
      <Filter>Header Files\helpers</Filter>
    </ClInclude>
    <ClInclude Include="Text.h">
      <Filter>Header Files\Sprites\UI</Filter>
    </ClInclude>
    <ClInclude Include="Image.h">
      <Filter>Header Files\Rendering</Filter>
    </ClInclude>
  </ItemGroup>
  <ItemGroup>
    <ClCompile Include="main.cpp">
      <Filter>Source Files</Filter>
    </ClCompile>
    <ClCompile Include="InputHandler.cpp">
      <Filter>Source Files</Filter>
    </ClCompile>
    <ClCompile Include="Camera.cpp">
      <Filter>Source Files\Rendering</Filter>
    </ClCompile>
    <ClCompile Include="Canvas.cpp">
      <Filter>Source Files\Rendering</Filter>
    </ClCompile>
    <ClCompile Include="FollowCamera.cpp">
      <Filter>Source Files\Rendering</Filter>
    </ClCompile>
    <ClCompile Include="FreeCamera.cpp">
      <Filter>Source Files\Rendering</Filter>
    </ClCompile>
    <ClCompile Include="Character.cpp">
      <Filter>Source Files\Sprites</Filter>
    </ClCompile>
    <ClCompile Include="CollisionSprite.cpp">
      <Filter>Source Files\Sprites</Filter>
    </ClCompile>
    <ClCompile Include="Player.cpp">
      <Filter>Source Files\Sprites</Filter>
    </ClCompile>
    <ClCompile Include="Projectile.cpp">
      <Filter>Source Files\Sprites</Filter>
    </ClCompile>
    <ClCompile Include="Sprite.cpp">
      <Filter>Source Files\Sprites</Filter>
    </ClCompile>
    <ClCompile Include="Tile.cpp">
      <Filter>Source Files\WorldHandling</Filter>
    </ClCompile>
    <ClCompile Include="TestWorld.cpp">
      <Filter>Source Files\WorldHandling</Filter>
    </ClCompile>
    <ClCompile Include="World.cpp">
      <Filter>Source Files\WorldHandling</Filter>
    </ClCompile>
    <ClCompile Include="TimedSurvivalManager.cpp">
      <Filter>Source Files</Filter>
    </ClCompile>
    <ClCompile Include="Artillery.cpp">
      <Filter>Source Files\Sprites\Enemies</Filter>
    </ClCompile>
    <ClCompile Include="BasicEnemy.cpp">
      <Filter>Source Files\Sprites\Enemies</Filter>
    </ClCompile>
    <ClCompile Include="Runner.cpp">
      <Filter>Source Files\Sprites\Enemies</Filter>
    </ClCompile>
    <ClCompile Include="EnemyFactory.cpp">
      <Filter>Source Files\WorldHandling</Filter>
    </ClCompile>
    <ClCompile Include="Powerup.cpp">
      <Filter>Source Files\Sprites</Filter>
    </ClCompile>
    <ClCompile Include="FixedWorld.cpp">
      <Filter>Source Files\WorldHandling</Filter>
    </ClCompile>
    <ClCompile Include="InfiniteWorld.cpp">
      <Filter>Source Files\WorldHandling</Filter>
    </ClCompile>
    <ClCompile Include="EnemyProjectile.cpp">
      <Filter>Source Files\Sprites\Enemies</Filter>
    </ClCompile>
    <ClCompile Include="PlayerProjectile.cpp">
      <Filter>Source Files\Sprites</Filter>
    </ClCompile>
    <ClCompile Include="RepeatingFixedWorld.cpp">
      <Filter>Source Files\WorldHandling</Filter>
    </ClCompile>
    <ClCompile Include="font.cpp">
      <Filter>Source Files\Rendering</Filter>
    </ClCompile>
    <ClCompile Include="MineLayer.cpp">
      <Filter>Source Files\Sprites\Enemies</Filter>
    </ClCompile>
    <ClCompile Include="EnemyMine.cpp">
      <Filter>Source Files\Sprites\Enemies</Filter>
    </ClCompile>
    <ClCompile Include="Enemy.cpp">
      <Filter>Source Files\Sprites\Enemies</Filter>
    </ClCompile>
    <ClCompile Include="EnemyImageHolder.cpp">
      <Filter>Source Files\Sprites\Enemies</Filter>
    </ClCompile>
    <ClCompile Include="Button.cpp">
      <Filter>Source Files\Sprites\UI</Filter>
    </ClCompile>
    <ClCompile Include="Text.cpp">
      <Filter>Source Files\Sprites\UI</Filter>
    </ClCompile>
    <ClCompile Include="Canvas.cpp">
      <Filter>Source Files\Rendering</Filter>
    </ClCompile>
    <ClCompile Include="Image.cpp">
      <Filter>Source Files\Rendering</Filter>
    </ClCompile>
  </ItemGroup>
  <ItemGroup>
    <Image Include="Resources\0.png">
      <Filter>Resource Files</Filter>
    </Image>
    <Image Include="Resources\1.png">
      <Filter>Resource Files</Filter>
    </Image>
    <Image Include="Resources\2.png">
      <Filter>Resource Files</Filter>
    </Image>
    <Image Include="Resources\3.png">
      <Filter>Resource Files</Filter>
    </Image>
    <Image Include="Resources\4.png">
      <Filter>Resource Files</Filter>
    </Image>
    <Image Include="Resources\5.png">
      <Filter>Resource Files</Filter>
    </Image>
    <Image Include="Resources\6.png">
      <Filter>Resource Files</Filter>
    </Image>
    <Image Include="Resources\7.png">
      <Filter>Resource Files</Filter>
    </Image>
    <Image Include="Resources\8.png">
      <Filter>Resource Files</Filter>
    </Image>
    <Image Include="Resources\9.png">
      <Filter>Resource Files</Filter>
    </Image>
    <Image Include="Resources\10.png">
      <Filter>Resource Files</Filter>
    </Image>
    <Image Include="Resources\11.png">
      <Filter>Resource Files</Filter>
    </Image>
    <Image Include="Resources\12.png">
      <Filter>Resource Files</Filter>
    </Image>
    <Image Include="Resources\13.png">
      <Filter>Resource Files</Filter>
    </Image>
    <Image Include="Resources\14.png">
      <Filter>Resource Files</Filter>
    </Image>
    <Image Include="Resources\15.png">
      <Filter>Resource Files</Filter>
    </Image>
    <Image Include="Resources\16.png">
      <Filter>Resource Files</Filter>
    </Image>
    <Image Include="Resources\17.png">
      <Filter>Resource Files</Filter>
    </Image>
    <Image Include="Resources\18.png">
      <Filter>Resource Files</Filter>
    </Image>
    <Image Include="Resources\19.png">
      <Filter>Resource Files</Filter>
    </Image>
    <Image Include="Resources\20.png">
      <Filter>Resource Files</Filter>
    </Image>
    <Image Include="Resources\21.png">
      <Filter>Resource Files</Filter>
    </Image>
    <Image Include="Resources\22.png">
      <Filter>Resource Files</Filter>
    </Image>
    <Image Include="Resources\23.png">
      <Filter>Resource Files</Filter>
    </Image>
    <Image Include="Resources\L.png">
      <Filter>Resource Files</Filter>
    </Image>
    <Image Include="Resources\L2.png">
      <Filter>Resource Files</Filter>
    </Image>
    <Image Include="Resources\24.png">
      <Filter>Resource Files</Filter>
    </Image>
  </ItemGroup>
</Project>